
Microsoft Visual Studio Solution File, Format Version 12.00
# Visual Studio 15
VisualStudioVersion = 15.0.28307.645
MinimumVisualStudioVersion = 10.0.40219.1
Project("{FAE04EC0-301F-11D3-BF4B-00C04F79EFBC}") = "AppCursoXamarin.Android", "AppCursoXamarin\AppCursoXamarin.Android\AppCursoXamarin.Android.csproj", "{53CDE1A3-B89B-4AB2-B34D-1386CF1386B5}"
EndProject
Project("{FAE04EC0-301F-11D3-BF4B-00C04F79EFBC}") = "AppCursoXamarin.iOS", "AppCursoXamarin\AppCursoXamarin.iOS\AppCursoXamarin.iOS.csproj", "{B67FDF68-6CD9-4438-A453-71C7CA3DC699}"
EndProject
Project("{FAE04EC0-301F-11D3-BF4B-00C04F79EFBC}") = "AppCursoXamarin.UWP", "AppCursoXamarin\AppCursoXamarin.UWP\AppCursoXamarin.UWP.csproj", "{1611EA97-E987-4C69-B356-D988ADFFAB30}"
EndProject
Project("{FAE04EC0-301F-11D3-BF4B-00C04F79EFBC}") = "AppCursoXamarin", "AppCursoXamarin\AppCursoXamarin\AppCursoXamarin.csproj", "{82F9E77E-9524-46B6-A1D8-4373EB18BB29}"
EndProject
Global
	GlobalSection(SolutionConfigurationPlatforms) = preSolution
		Ad-Hoc|Any CPU = Ad-Hoc|Any CPU
		Ad-Hoc|ARM = Ad-Hoc|ARM
		Ad-Hoc|iPhone = Ad-Hoc|iPhone
		Ad-Hoc|iPhoneSimulator = Ad-Hoc|iPhoneSimulator
		Ad-Hoc|x64 = Ad-Hoc|x64
		Ad-Hoc|x86 = Ad-Hoc|x86
		AppStore|Any CPU = AppStore|Any CPU
		AppStore|ARM = AppStore|ARM
		AppStore|iPhone = AppStore|iPhone
		AppStore|iPhoneSimulator = AppStore|iPhoneSimulator
		AppStore|x64 = AppStore|x64
		AppStore|x86 = AppStore|x86
		Debug|Any CPU = Debug|Any CPU
		Debug|ARM = Debug|ARM
		Debug|iPhone = Debug|iPhone
		Debug|iPhoneSimulator = Debug|iPhoneSimulator
		Debug|x64 = Debug|x64
		Debug|x86 = Debug|x86
		Release|Any CPU = Release|Any CPU
		Release|ARM = Release|ARM
		Release|iPhone = Release|iPhone
		Release|iPhoneSimulator = Release|iPhoneSimulator
		Release|x64 = Release|x64
		Release|x86 = Release|x86
	EndGlobalSection
	GlobalSection(ProjectConfigurationPlatforms) = postSolution
		{53CDE1A3-B89B-4AB2-B34D-1386CF1386B5}.Ad-Hoc|Any CPU.ActiveCfg = Release|Any CPU
		{53CDE1A3-B89B-4AB2-B34D-1386CF1386B5}.Ad-Hoc|Any CPU.Build.0 = Release|Any CPU
		{53CDE1A3-B89B-4AB2-B34D-1386CF1386B5}.Ad-Hoc|Any CPU.Deploy.0 = Release|Any CPU
		{53CDE1A3-B89B-4AB2-B34D-1386CF1386B5}.Ad-Hoc|ARM.ActiveCfg = Release|Any CPU
		{53CDE1A3-B89B-4AB2-B34D-1386CF1386B5}.Ad-Hoc|ARM.Build.0 = Release|Any CPU
		{53CDE1A3-B89B-4AB2-B34D-1386CF1386B5}.Ad-Hoc|ARM.Deploy.0 = Release|Any CPU
		{53CDE1A3-B89B-4AB2-B34D-1386CF1386B5}.Ad-Hoc|iPhone.ActiveCfg = Release|Any CPU
		{53CDE1A3-B89B-4AB2-B34D-1386CF1386B5}.Ad-Hoc|iPhone.Build.0 = Release|Any CPU
		{53CDE1A3-B89B-4AB2-B34D-1386CF1386B5}.Ad-Hoc|iPhone.Deploy.0 = Release|Any CPU
		{53CDE1A3-B89B-4AB2-B34D-1386CF1386B5}.Ad-Hoc|iPhoneSimulator.ActiveCfg = Release|Any CPU
		{53CDE1A3-B89B-4AB2-B34D-1386CF1386B5}.Ad-Hoc|iPhoneSimulator.Build.0 = Release|Any CPU
		{53CDE1A3-B89B-4AB2-B34D-1386CF1386B5}.Ad-Hoc|iPhoneSimulator.Deploy.0 = Release|Any CPU
		{53CDE1A3-B89B-4AB2-B34D-1386CF1386B5}.Ad-Hoc|x64.ActiveCfg = Release|Any CPU
		{53CDE1A3-B89B-4AB2-B34D-1386CF1386B5}.Ad-Hoc|x64.Build.0 = Release|Any CPU
		{53CDE1A3-B89B-4AB2-B34D-1386CF1386B5}.Ad-Hoc|x64.Deploy.0 = Release|Any CPU
		{53CDE1A3-B89B-4AB2-B34D-1386CF1386B5}.Ad-Hoc|x86.ActiveCfg = Release|Any CPU
		{53CDE1A3-B89B-4AB2-B34D-1386CF1386B5}.Ad-Hoc|x86.Build.0 = Release|Any CPU
		{53CDE1A3-B89B-4AB2-B34D-1386CF1386B5}.Ad-Hoc|x86.Deploy.0 = Release|Any CPU
		{53CDE1A3-B89B-4AB2-B34D-1386CF1386B5}.AppStore|Any CPU.ActiveCfg = Release|Any CPU
		{53CDE1A3-B89B-4AB2-B34D-1386CF1386B5}.AppStore|Any CPU.Build.0 = Release|Any CPU
		{53CDE1A3-B89B-4AB2-B34D-1386CF1386B5}.AppStore|Any CPU.Deploy.0 = Release|Any CPU
		{53CDE1A3-B89B-4AB2-B34D-1386CF1386B5}.AppStore|ARM.ActiveCfg = Release|Any CPU
		{53CDE1A3-B89B-4AB2-B34D-1386CF1386B5}.AppStore|ARM.Build.0 = Release|Any CPU
		{53CDE1A3-B89B-4AB2-B34D-1386CF1386B5}.AppStore|ARM.Deploy.0 = Release|Any CPU
		{53CDE1A3-B89B-4AB2-B34D-1386CF1386B5}.AppStore|iPhone.ActiveCfg = Release|Any CPU
		{53CDE1A3-B89B-4AB2-B34D-1386CF1386B5}.AppStore|iPhone.Build.0 = Release|Any CPU
		{53CDE1A3-B89B-4AB2-B34D-1386CF1386B5}.AppStore|iPhone.Deploy.0 = Release|Any CPU
		{53CDE1A3-B89B-4AB2-B34D-1386CF1386B5}.AppStore|iPhoneSimulator.ActiveCfg = Release|Any CPU
		{53CDE1A3-B89B-4AB2-B34D-1386CF1386B5}.AppStore|iPhoneSimulator.Build.0 = Release|Any CPU
		{53CDE1A3-B89B-4AB2-B34D-1386CF1386B5}.AppStore|iPhoneSimulator.Deploy.0 = Release|Any CPU
		{53CDE1A3-B89B-4AB2-B34D-1386CF1386B5}.AppStore|x64.ActiveCfg = Release|Any CPU
		{53CDE1A3-B89B-4AB2-B34D-1386CF1386B5}.AppStore|x64.Build.0 = Release|Any CPU
		{53CDE1A3-B89B-4AB2-B34D-1386CF1386B5}.AppStore|x64.Deploy.0 = Release|Any CPU
		{53CDE1A3-B89B-4AB2-B34D-1386CF1386B5}.AppStore|x86.ActiveCfg = Release|Any CPU
		{53CDE1A3-B89B-4AB2-B34D-1386CF1386B5}.AppStore|x86.Build.0 = Release|Any CPU
		{53CDE1A3-B89B-4AB2-B34D-1386CF1386B5}.AppStore|x86.Deploy.0 = Release|Any CPU
		{53CDE1A3-B89B-4AB2-B34D-1386CF1386B5}.Debug|Any CPU.ActiveCfg = Debug|Any CPU
		{53CDE1A3-B89B-4AB2-B34D-1386CF1386B5}.Debug|Any CPU.Build.0 = Debug|Any CPU
		{53CDE1A3-B89B-4AB2-B34D-1386CF1386B5}.Debug|Any CPU.Deploy.0 = Debug|Any CPU
		{53CDE1A3-B89B-4AB2-B34D-1386CF1386B5}.Debug|ARM.ActiveCfg = Debug|Any CPU
		{53CDE1A3-B89B-4AB2-B34D-1386CF1386B5}.Debug|ARM.Build.0 = Debug|Any CPU
		{53CDE1A3-B89B-4AB2-B34D-1386CF1386B5}.Debug|ARM.Deploy.0 = Debug|Any CPU
		{53CDE1A3-B89B-4AB2-B34D-1386CF1386B5}.Debug|iPhone.ActiveCfg = Debug|Any CPU
		{53CDE1A3-B89B-4AB2-B34D-1386CF1386B5}.Debug|iPhone.Build.0 = Debug|Any CPU
		{53CDE1A3-B89B-4AB2-B34D-1386CF1386B5}.Debug|iPhone.Deploy.0 = Debug|Any CPU
		{53CDE1A3-B89B-4AB2-B34D-1386CF1386B5}.Debug|iPhoneSimulator.ActiveCfg = Debug|Any CPU
		{53CDE1A3-B89B-4AB2-B34D-1386CF1386B5}.Debug|iPhoneSimulator.Build.0 = Debug|Any CPU
		{53CDE1A3-B89B-4AB2-B34D-1386CF1386B5}.Debug|iPhoneSimulator.Deploy.0 = Debug|Any CPU
		{53CDE1A3-B89B-4AB2-B34D-1386CF1386B5}.Debug|x64.ActiveCfg = Debug|Any CPU
		{53CDE1A3-B89B-4AB2-B34D-1386CF1386B5}.Debug|x64.Build.0 = Debug|Any CPU
		{53CDE1A3-B89B-4AB2-B34D-1386CF1386B5}.Debug|x64.Deploy.0 = Debug|Any CPU
		{53CDE1A3-B89B-4AB2-B34D-1386CF1386B5}.Debug|x86.ActiveCfg = Debug|Any CPU
		{53CDE1A3-B89B-4AB2-B34D-1386CF1386B5}.Debug|x86.Build.0 = Debug|Any CPU
		{53CDE1A3-B89B-4AB2-B34D-1386CF1386B5}.Debug|x86.Deploy.0 = Debug|Any CPU
		{53CDE1A3-B89B-4AB2-B34D-1386CF1386B5}.Release|Any CPU.ActiveCfg = Release|Any CPU
		{53CDE1A3-B89B-4AB2-B34D-1386CF1386B5}.Release|Any CPU.Build.0 = Release|Any CPU
		{53CDE1A3-B89B-4AB2-B34D-1386CF1386B5}.Release|Any CPU.Deploy.0 = Release|Any CPU
		{53CDE1A3-B89B-4AB2-B34D-1386CF1386B5}.Release|ARM.ActiveCfg = Release|Any CPU
		{53CDE1A3-B89B-4AB2-B34D-1386CF1386B5}.Release|ARM.Build.0 = Release|Any CPU
		{53CDE1A3-B89B-4AB2-B34D-1386CF1386B5}.Release|ARM.Deploy.0 = Release|Any CPU
		{53CDE1A3-B89B-4AB2-B34D-1386CF1386B5}.Release|iPhone.ActiveCfg = Release|Any CPU
		{53CDE1A3-B89B-4AB2-B34D-1386CF1386B5}.Release|iPhone.Build.0 = Release|Any CPU
		{53CDE1A3-B89B-4AB2-B34D-1386CF1386B5}.Release|iPhone.Deploy.0 = Release|Any CPU
		{53CDE1A3-B89B-4AB2-B34D-1386CF1386B5}.Release|iPhoneSimulator.ActiveCfg = Release|Any CPU
		{53CDE1A3-B89B-4AB2-B34D-1386CF1386B5}.Release|iPhoneSimulator.Build.0 = Release|Any CPU
		{53CDE1A3-B89B-4AB2-B34D-1386CF1386B5}.Release|iPhoneSimulator.Deploy.0 = Release|Any CPU
		{53CDE1A3-B89B-4AB2-B34D-1386CF1386B5}.Release|x64.ActiveCfg = Release|Any CPU
		{53CDE1A3-B89B-4AB2-B34D-1386CF1386B5}.Release|x64.Build.0 = Release|Any CPU
		{53CDE1A3-B89B-4AB2-B34D-1386CF1386B5}.Release|x64.Deploy.0 = Release|Any CPU
		{53CDE1A3-B89B-4AB2-B34D-1386CF1386B5}.Release|x86.ActiveCfg = Release|Any CPU
		{53CDE1A3-B89B-4AB2-B34D-1386CF1386B5}.Release|x86.Build.0 = Release|Any CPU
		{53CDE1A3-B89B-4AB2-B34D-1386CF1386B5}.Release|x86.Deploy.0 = Release|Any CPU
		{B67FDF68-6CD9-4438-A453-71C7CA3DC699}.Ad-Hoc|Any CPU.ActiveCfg = Ad-Hoc|iPhone
		{B67FDF68-6CD9-4438-A453-71C7CA3DC699}.Ad-Hoc|Any CPU.Build.0 = Ad-Hoc|iPhone
		{B67FDF68-6CD9-4438-A453-71C7CA3DC699}.Ad-Hoc|Any CPU.Deploy.0 = Ad-Hoc|iPhone
		{B67FDF68-6CD9-4438-A453-71C7CA3DC699}.Ad-Hoc|ARM.ActiveCfg = Ad-Hoc|iPhone
		{B67FDF68-6CD9-4438-A453-71C7CA3DC699}.Ad-Hoc|ARM.Build.0 = Ad-Hoc|iPhone
		{B67FDF68-6CD9-4438-A453-71C7CA3DC699}.Ad-Hoc|ARM.Deploy.0 = Ad-Hoc|iPhone
		{B67FDF68-6CD9-4438-A453-71C7CA3DC699}.Ad-Hoc|iPhone.ActiveCfg = Ad-Hoc|iPhone
		{B67FDF68-6CD9-4438-A453-71C7CA3DC699}.Ad-Hoc|iPhone.Build.0 = Ad-Hoc|iPhone
		{B67FDF68-6CD9-4438-A453-71C7CA3DC699}.Ad-Hoc|iPhone.Deploy.0 = Ad-Hoc|iPhone
		{B67FDF68-6CD9-4438-A453-71C7CA3DC699}.Ad-Hoc|iPhoneSimulator.ActiveCfg = Ad-Hoc|iPhoneSimulator
		{B67FDF68-6CD9-4438-A453-71C7CA3DC699}.Ad-Hoc|iPhoneSimulator.Build.0 = Ad-Hoc|iPhoneSimulator
		{B67FDF68-6CD9-4438-A453-71C7CA3DC699}.Ad-Hoc|iPhoneSimulator.Deploy.0 = Ad-Hoc|iPhoneSimulator
		{B67FDF68-6CD9-4438-A453-71C7CA3DC699}.Ad-Hoc|x64.ActiveCfg = Ad-Hoc|iPhone
		{B67FDF68-6CD9-4438-A453-71C7CA3DC699}.Ad-Hoc|x64.Build.0 = Ad-Hoc|iPhone
		{B67FDF68-6CD9-4438-A453-71C7CA3DC699}.Ad-Hoc|x64.Deploy.0 = Ad-Hoc|iPhone
		{B67FDF68-6CD9-4438-A453-71C7CA3DC699}.Ad-Hoc|x86.ActiveCfg = Ad-Hoc|iPhone
		{B67FDF68-6CD9-4438-A453-71C7CA3DC699}.Ad-Hoc|x86.Build.0 = Ad-Hoc|iPhone
		{B67FDF68-6CD9-4438-A453-71C7CA3DC699}.Ad-Hoc|x86.Deploy.0 = Ad-Hoc|iPhone
		{B67FDF68-6CD9-4438-A453-71C7CA3DC699}.AppStore|Any CPU.ActiveCfg = AppStore|iPhone
		{B67FDF68-6CD9-4438-A453-71C7CA3DC699}.AppStore|Any CPU.Build.0 = AppStore|iPhone
		{B67FDF68-6CD9-4438-A453-71C7CA3DC699}.AppStore|Any CPU.Deploy.0 = AppStore|iPhone
		{B67FDF68-6CD9-4438-A453-71C7CA3DC699}.AppStore|ARM.ActiveCfg = AppStore|iPhone
		{B67FDF68-6CD9-4438-A453-71C7CA3DC699}.AppStore|ARM.Build.0 = AppStore|iPhone
		{B67FDF68-6CD9-4438-A453-71C7CA3DC699}.AppStore|ARM.Deploy.0 = AppStore|iPhone
		{B67FDF68-6CD9-4438-A453-71C7CA3DC699}.AppStore|iPhone.ActiveCfg = AppStore|iPhone
		{B67FDF68-6CD9-4438-A453-71C7CA3DC699}.AppStore|iPhone.Build.0 = AppStore|iPhone
		{B67FDF68-6CD9-4438-A453-71C7CA3DC699}.AppStore|iPhone.Deploy.0 = AppStore|iPhone
		{B67FDF68-6CD9-4438-A453-71C7CA3DC699}.AppStore|iPhoneSimulator.ActiveCfg = AppStore|iPhoneSimulator
		{B67FDF68-6CD9-4438-A453-71C7CA3DC699}.AppStore|iPhoneSimulator.Build.0 = AppStore|iPhoneSimulator
		{B67FDF68-6CD9-4438-A453-71C7CA3DC699}.AppStore|iPhoneSimulator.Deploy.0 = AppStore|iPhoneSimulator
		{B67FDF68-6CD9-4438-A453-71C7CA3DC699}.AppStore|x64.ActiveCfg = AppStore|iPhone
		{B67FDF68-6CD9-4438-A453-71C7CA3DC699}.AppStore|x64.Build.0 = AppStore|iPhone
		{B67FDF68-6CD9-4438-A453-71C7CA3DC699}.AppStore|x64.Deploy.0 = AppStore|iPhone
		{B67FDF68-6CD9-4438-A453-71C7CA3DC699}.AppStore|x86.ActiveCfg = AppStore|iPhone
		{B67FDF68-6CD9-4438-A453-71C7CA3DC699}.AppStore|x86.Build.0 = AppStore|iPhone
		{B67FDF68-6CD9-4438-A453-71C7CA3DC699}.AppStore|x86.Deploy.0 = AppStore|iPhone
		{B67FDF68-6CD9-4438-A453-71C7CA3DC699}.Debug|Any CPU.ActiveCfg = Debug|iPhoneSimulator
		{B67FDF68-6CD9-4438-A453-71C7CA3DC699}.Debug|Any CPU.Build.0 = Debug|iPhoneSimulator
		{B67FDF68-6CD9-4438-A453-71C7CA3DC699}.Debug|Any CPU.Deploy.0 = Debug|iPhoneSimulator
		{B67FDF68-6CD9-4438-A453-71C7CA3DC699}.Debug|ARM.ActiveCfg = Debug|iPhone
		{B67FDF68-6CD9-4438-A453-71C7CA3DC699}.Debug|ARM.Build.0 = Debug|iPhone
		{B67FDF68-6CD9-4438-A453-71C7CA3DC699}.Debug|ARM.Deploy.0 = Debug|iPhone
		{B67FDF68-6CD9-4438-A453-71C7CA3DC699}.Debug|iPhone.ActiveCfg = Debug|iPhone
		{B67FDF68-6CD9-4438-A453-71C7CA3DC699}.Debug|iPhone.Build.0 = Debug|iPhone
		{B67FDF68-6CD9-4438-A453-71C7CA3DC699}.Debug|iPhone.Deploy.0 = Debug|iPhone
		{B67FDF68-6CD9-4438-A453-71C7CA3DC699}.Debug|iPhoneSimulator.ActiveCfg = Debug|iPhoneSimulator
		{B67FDF68-6CD9-4438-A453-71C7CA3DC699}.Debug|iPhoneSimulator.Build.0 = Debug|iPhoneSimulator
		{B67FDF68-6CD9-4438-A453-71C7CA3DC699}.Debug|iPhoneSimulator.Deploy.0 = Debug|iPhoneSimulator
		{B67FDF68-6CD9-4438-A453-71C7CA3DC699}.Debug|x64.ActiveCfg = Debug|iPhone
		{B67FDF68-6CD9-4438-A453-71C7CA3DC699}.Debug|x64.Build.0 = Debug|iPhone
		{B67FDF68-6CD9-4438-A453-71C7CA3DC699}.Debug|x64.Deploy.0 = Debug|iPhone
		{B67FDF68-6CD9-4438-A453-71C7CA3DC699}.Debug|x86.ActiveCfg = Debug|iPhone
		{B67FDF68-6CD9-4438-A453-71C7CA3DC699}.Debug|x86.Build.0 = Debug|iPhone
		{B67FDF68-6CD9-4438-A453-71C7CA3DC699}.Debug|x86.Deploy.0 = Debug|iPhone
		{B67FDF68-6CD9-4438-A453-71C7CA3DC699}.Release|Any CPU.ActiveCfg = Release|iPhone
		{B67FDF68-6CD9-4438-A453-71C7CA3DC699}.Release|Any CPU.Build.0 = Release|iPhone
		{B67FDF68-6CD9-4438-A453-71C7CA3DC699}.Release|Any CPU.Deploy.0 = Release|iPhone
		{B67FDF68-6CD9-4438-A453-71C7CA3DC699}.Release|ARM.ActiveCfg = Release|iPhone
		{B67FDF68-6CD9-4438-A453-71C7CA3DC699}.Release|ARM.Build.0 = Release|iPhone
		{B67FDF68-6CD9-4438-A453-71C7CA3DC699}.Release|ARM.Deploy.0 = Release|iPhone
		{B67FDF68-6CD9-4438-A453-71C7CA3DC699}.Release|iPhone.ActiveCfg = Release|iPhone
		{B67FDF68-6CD9-4438-A453-71C7CA3DC699}.Release|iPhone.Build.0 = Release|iPhone
		{B67FDF68-6CD9-4438-A453-71C7CA3DC699}.Release|iPhone.Deploy.0 = Release|iPhone
		{B67FDF68-6CD9-4438-A453-71C7CA3DC699}.Release|iPhoneSimulator.ActiveCfg = Release|iPhoneSimulator
		{B67FDF68-6CD9-4438-A453-71C7CA3DC699}.Release|iPhoneSimulator.Build.0 = Release|iPhoneSimulator
		{B67FDF68-6CD9-4438-A453-71C7CA3DC699}.Release|iPhoneSimulator.Deploy.0 = Release|iPhoneSimulator
		{B67FDF68-6CD9-4438-A453-71C7CA3DC699}.Release|x64.ActiveCfg = Release|iPhone
		{B67FDF68-6CD9-4438-A453-71C7CA3DC699}.Release|x64.Build.0 = Release|iPhone
		{B67FDF68-6CD9-4438-A453-71C7CA3DC699}.Release|x64.Deploy.0 = Release|iPhone
		{B67FDF68-6CD9-4438-A453-71C7CA3DC699}.Release|x86.ActiveCfg = Release|iPhone
		{B67FDF68-6CD9-4438-A453-71C7CA3DC699}.Release|x86.Build.0 = Release|iPhone
		{B67FDF68-6CD9-4438-A453-71C7CA3DC699}.Release|x86.Deploy.0 = Release|iPhone
		{1611EA97-E987-4C69-B356-D988ADFFAB30}.Ad-Hoc|Any CPU.ActiveCfg = Release|x86
		{1611EA97-E987-4C69-B356-D988ADFFAB30}.Ad-Hoc|Any CPU.Build.0 = Release|x86
		{1611EA97-E987-4C69-B356-D988ADFFAB30}.Ad-Hoc|Any CPU.Deploy.0 = Release|x86
		{1611EA97-E987-4C69-B356-D988ADFFAB30}.Ad-Hoc|ARM.ActiveCfg = Release|ARM
		{1611EA97-E987-4C69-B356-D988ADFFAB30}.Ad-Hoc|ARM.Build.0 = Release|ARM
		{1611EA97-E987-4C69-B356-D988ADFFAB30}.Ad-Hoc|ARM.Deploy.0 = Release|ARM
		{1611EA97-E987-4C69-B356-D988ADFFAB30}.Ad-Hoc|iPhone.ActiveCfg = Release|x86
		{1611EA97-E987-4C69-B356-D988ADFFAB30}.Ad-Hoc|iPhone.Build.0 = Release|x86
		{1611EA97-E987-4C69-B356-D988ADFFAB30}.Ad-Hoc|iPhone.Deploy.0 = Release|x86
		{1611EA97-E987-4C69-B356-D988ADFFAB30}.Ad-Hoc|iPhoneSimulator.ActiveCfg = Release|x86
		{1611EA97-E987-4C69-B356-D988ADFFAB30}.Ad-Hoc|iPhoneSimulator.Build.0 = Release|x86
		{1611EA97-E987-4C69-B356-D988ADFFAB30}.Ad-Hoc|iPhoneSimulator.Deploy.0 = Release|x86
		{1611EA97-E987-4C69-B356-D988ADFFAB30}.Ad-Hoc|x64.ActiveCfg = Release|x64
		{1611EA97-E987-4C69-B356-D988ADFFAB30}.Ad-Hoc|x64.Build.0 = Release|x64
		{1611EA97-E987-4C69-B356-D988ADFFAB30}.Ad-Hoc|x64.Deploy.0 = Release|x64
		{1611EA97-E987-4C69-B356-D988ADFFAB30}.Ad-Hoc|x86.ActiveCfg = Release|x86
		{1611EA97-E987-4C69-B356-D988ADFFAB30}.Ad-Hoc|x86.Build.0 = Release|x86
		{1611EA97-E987-4C69-B356-D988ADFFAB30}.Ad-Hoc|x86.Deploy.0 = Release|x86
		{1611EA97-E987-4C69-B356-D988ADFFAB30}.AppStore|Any CPU.ActiveCfg = Release|x86
		{1611EA97-E987-4C69-B356-D988ADFFAB30}.AppStore|Any CPU.Build.0 = Release|x86
		{1611EA97-E987-4C69-B356-D988ADFFAB30}.AppStore|Any CPU.Deploy.0 = Release|x86
		{1611EA97-E987-4C69-B356-D988ADFFAB30}.AppStore|ARM.ActiveCfg = Release|ARM
		{1611EA97-E987-4C69-B356-D988ADFFAB30}.AppStore|ARM.Build.0 = Release|ARM
		{1611EA97-E987-4C69-B356-D988ADFFAB30}.AppStore|ARM.Deploy.0 = Release|ARM
		{1611EA97-E987-4C69-B356-D988ADFFAB30}.AppStore|iPhone.ActiveCfg = Release|x86
		{1611EA97-E987-4C69-B356-D988ADFFAB30}.AppStore|iPhone.Build.0 = Release|x86
		{1611EA97-E987-4C69-B356-D988ADFFAB30}.AppStore|iPhone.Deploy.0 = Release|x86
		{1611EA97-E987-4C69-B356-D988ADFFAB30}.AppStore|iPhoneSimulator.ActiveCfg = Release|x86
		{1611EA97-E987-4C69-B356-D988ADFFAB30}.AppStore|iPhoneSimulator.Build.0 = Release|x86
		{1611EA97-E987-4C69-B356-D988ADFFAB30}.AppStore|iPhoneSimulator.Deploy.0 = Release|x86
		{1611EA97-E987-4C69-B356-D988ADFFAB30}.AppStore|x64.ActiveCfg = Release|x64
		{1611EA97-E987-4C69-B356-D988ADFFAB30}.AppStore|x64.Build.0 = Release|x64
		{1611EA97-E987-4C69-B356-D988ADFFAB30}.AppStore|x64.Deploy.0 = Release|x64
		{1611EA97-E987-4C69-B356-D988ADFFAB30}.AppStore|x86.ActiveCfg = Release|x86
		{1611EA97-E987-4C69-B356-D988ADFFAB30}.AppStore|x86.Build.0 = Release|x86
		{1611EA97-E987-4C69-B356-D988ADFFAB30}.AppStore|x86.Deploy.0 = Release|x86
		{1611EA97-E987-4C69-B356-D988ADFFAB30}.Debug|Any CPU.ActiveCfg = Debug|x86
		{1611EA97-E987-4C69-B356-D988ADFFAB30}.Debug|Any CPU.Build.0 = Debug|x86
		{1611EA97-E987-4C69-B356-D988ADFFAB30}.Debug|Any CPU.Deploy.0 = Debug|x86
		{1611EA97-E987-4C69-B356-D988ADFFAB30}.Debug|ARM.ActiveCfg = Debug|ARM
		{1611EA97-E987-4C69-B356-D988ADFFAB30}.Debug|ARM.Build.0 = Debug|ARM
		{1611EA97-E987-4C69-B356-D988ADFFAB30}.Debug|ARM.Deploy.0 = Debug|ARM
		{1611EA97-E987-4C69-B356-D988ADFFAB30}.Debug|iPhone.ActiveCfg = Debug|x86
		{1611EA97-E987-4C69-B356-D988ADFFAB30}.Debug|iPhone.Build.0 = Debug|x86
		{1611EA97-E987-4C69-B356-D988ADFFAB30}.Debug|iPhone.Deploy.0 = Debug|x86
		{1611EA97-E987-4C69-B356-D988ADFFAB30}.Debug|iPhoneSimulator.ActiveCfg = Debug|x86
		{1611EA97-E987-4C69-B356-D988ADFFAB30}.Debug|iPhoneSimulator.Build.0 = Debug|x86
		{1611EA97-E987-4C69-B356-D988ADFFAB30}.Debug|iPhoneSimulator.Deploy.0 = Debug|x86
		{1611EA97-E987-4C69-B356-D988ADFFAB30}.Debug|x64.ActiveCfg = Debug|x64
		{1611EA97-E987-4C69-B356-D988ADFFAB30}.Debug|x64.Build.0 = Debug|x64
		{1611EA97-E987-4C69-B356-D988ADFFAB30}.Debug|x64.Deploy.0 = Debug|x64
		{1611EA97-E987-4C69-B356-D988ADFFAB30}.Debug|x86.ActiveCfg = Debug|x86
		{1611EA97-E987-4C69-B356-D988ADFFAB30}.Debug|x86.Build.0 = Debug|x86
		{1611EA97-E987-4C69-B356-D988ADFFAB30}.Debug|x86.Deploy.0 = Debug|x86
		{1611EA97-E987-4C69-B356-D988ADFFAB30}.Release|Any CPU.ActiveCfg = Release|x86
		{1611EA97-E987-4C69-B356-D988ADFFAB30}.Release|Any CPU.Build.0 = Release|x86
		{1611EA97-E987-4C69-B356-D988ADFFAB30}.Release|Any CPU.Deploy.0 = Release|x86
		{1611EA97-E987-4C69-B356-D988ADFFAB30}.Release|ARM.ActiveCfg = Release|ARM
		{1611EA97-E987-4C69-B356-D988ADFFAB30}.Release|ARM.Build.0 = Release|ARM
		{1611EA97-E987-4C69-B356-D988ADFFAB30}.Release|ARM.Deploy.0 = Release|ARM
		{1611EA97-E987-4C69-B356-D988ADFFAB30}.Release|iPhone.ActiveCfg = Release|x86
		{1611EA97-E987-4C69-B356-D988ADFFAB30}.Release|iPhone.Build.0 = Release|x86
		{1611EA97-E987-4C69-B356-D988ADFFAB30}.Release|iPhone.Deploy.0 = Release|x86
		{1611EA97-E987-4C69-B356-D988ADFFAB30}.Release|iPhoneSimulator.ActiveCfg = Release|x86
		{1611EA97-E987-4C69-B356-D988ADFFAB30}.Release|iPhoneSimulator.Build.0 = Release|x86
		{1611EA97-E987-4C69-B356-D988ADFFAB30}.Release|iPhoneSimulator.Deploy.0 = Release|x86
		{1611EA97-E987-4C69-B356-D988ADFFAB30}.Release|x64.ActiveCfg = Release|x64
		{1611EA97-E987-4C69-B356-D988ADFFAB30}.Release|x64.Build.0 = Release|x64
		{1611EA97-E987-4C69-B356-D988ADFFAB30}.Release|x64.Deploy.0 = Release|x64
		{1611EA97-E987-4C69-B356-D988ADFFAB30}.Release|x86.ActiveCfg = Release|x86
		{1611EA97-E987-4C69-B356-D988ADFFAB30}.Release|x86.Build.0 = Release|x86
		{1611EA97-E987-4C69-B356-D988ADFFAB30}.Release|x86.Deploy.0 = Release|x86
		{82F9E77E-9524-46B6-A1D8-4373EB18BB29}.Ad-Hoc|Any CPU.ActiveCfg = Debug|Any CPU
		{82F9E77E-9524-46B6-A1D8-4373EB18BB29}.Ad-Hoc|Any CPU.Build.0 = Debug|Any CPU
		{82F9E77E-9524-46B6-A1D8-4373EB18BB29}.Ad-Hoc|Any CPU.Deploy.0 = Debug|Any CPU
		{82F9E77E-9524-46B6-A1D8-4373EB18BB29}.Ad-Hoc|ARM.ActiveCfg = Debug|Any CPU
		{82F9E77E-9524-46B6-A1D8-4373EB18BB29}.Ad-Hoc|ARM.Build.0 = Debug|Any CPU
		{82F9E77E-9524-46B6-A1D8-4373EB18BB29}.Ad-Hoc|ARM.Deploy.0 = Debug|Any CPU
		{82F9E77E-9524-46B6-A1D8-4373EB18BB29}.Ad-Hoc|iPhone.ActiveCfg = Debug|Any CPU
		{82F9E77E-9524-46B6-A1D8-4373EB18BB29}.Ad-Hoc|iPhone.Build.0 = Debug|Any CPU
		{82F9E77E-9524-46B6-A1D8-4373EB18BB29}.Ad-Hoc|iPhone.Deploy.0 = Debug|Any CPU
		{82F9E77E-9524-46B6-A1D8-4373EB18BB29}.Ad-Hoc|iPhoneSimulator.ActiveCfg = Debug|Any CPU
		{82F9E77E-9524-46B6-A1D8-4373EB18BB29}.Ad-Hoc|iPhoneSimulator.Build.0 = Debug|Any CPU
		{82F9E77E-9524-46B6-A1D8-4373EB18BB29}.Ad-Hoc|iPhoneSimulator.Deploy.0 = Debug|Any CPU
		{82F9E77E-9524-46B6-A1D8-4373EB18BB29}.Ad-Hoc|x64.ActiveCfg = Debug|Any CPU
		{82F9E77E-9524-46B6-A1D8-4373EB18BB29}.Ad-Hoc|x64.Build.0 = Debug|Any CPU
		{82F9E77E-9524-46B6-A1D8-4373EB18BB29}.Ad-Hoc|x64.Deploy.0 = Debug|Any CPU
		{82F9E77E-9524-46B6-A1D8-4373EB18BB29}.Ad-Hoc|x86.ActiveCfg = Debug|Any CPU
		{82F9E77E-9524-46B6-A1D8-4373EB18BB29}.Ad-Hoc|x86.Build.0 = Debug|Any CPU
		{82F9E77E-9524-46B6-A1D8-4373EB18BB29}.Ad-Hoc|x86.Deploy.0 = Debug|Any CPU
		{82F9E77E-9524-46B6-A1D8-4373EB18BB29}.AppStore|Any CPU.ActiveCfg = Debug|Any CPU
		{82F9E77E-9524-46B6-A1D8-4373EB18BB29}.AppStore|Any CPU.Build.0 = Debug|Any CPU
		{82F9E77E-9524-46B6-A1D8-4373EB18BB29}.AppStore|Any CPU.Deploy.0 = Debug|Any CPU
		{82F9E77E-9524-46B6-A1D8-4373EB18BB29}.AppStore|ARM.ActiveCfg = Debug|Any CPU
		{82F9E77E-9524-46B6-A1D8-4373EB18BB29}.AppStore|ARM.Build.0 = Debug|Any CPU
		{82F9E77E-9524-46B6-A1D8-4373EB18BB29}.AppStore|ARM.Deploy.0 = Debug|Any CPU
		{82F9E77E-9524-46B6-A1D8-4373EB18BB29}.AppStore|iPhone.ActiveCfg = Debug|Any CPU
		{82F9E77E-9524-46B6-A1D8-4373EB18BB29}.AppStore|iPhone.Build.0 = Debug|Any CPU
		{82F9E77E-9524-46B6-A1D8-4373EB18BB29}.AppStore|iPhone.Deploy.0 = Debug|Any CPU
		{82F9E77E-9524-46B6-A1D8-4373EB18BB29}.AppStore|iPhoneSimulator.ActiveCfg = Debug|Any CPU
		{82F9E77E-9524-46B6-A1D8-4373EB18BB29}.AppStore|iPhoneSimulator.Build.0 = Debug|Any CPU
		{82F9E77E-9524-46B6-A1D8-4373EB18BB29}.AppStore|iPhoneSimulator.Deploy.0 = Debug|Any CPU
		{82F9E77E-9524-46B6-A1D8-4373EB18BB29}.AppStore|x64.ActiveCfg = Debug|Any CPU
		{82F9E77E-9524-46B6-A1D8-4373EB18BB29}.AppStore|x64.Build.0 = Debug|Any CPU
		{82F9E77E-9524-46B6-A1D8-4373EB18BB29}.AppStore|x64.Deploy.0 = Debug|Any CPU
		{82F9E77E-9524-46B6-A1D8-4373EB18BB29}.AppStore|x86.ActiveCfg = Debug|Any CPU
		{82F9E77E-9524-46B6-A1D8-4373EB18BB29}.AppStore|x86.Build.0 = Debug|Any CPU
		{82F9E77E-9524-46B6-A1D8-4373EB18BB29}.AppStore|x86.Deploy.0 = Debug|Any CPU
		{82F9E77E-9524-46B6-A1D8-4373EB18BB29}.Debug|Any CPU.ActiveCfg = Debug|Any CPU
		{82F9E77E-9524-46B6-A1D8-4373EB18BB29}.Debug|Any CPU.Build.0 = Debug|Any CPU
		{82F9E77E-9524-46B6-A1D8-4373EB18BB29}.Debug|Any CPU.Deploy.0 = Debug|Any CPU
		{82F9E77E-9524-46B6-A1D8-4373EB18BB29}.Debug|ARM.ActiveCfg = Debug|Any CPU
		{82F9E77E-9524-46B6-A1D8-4373EB18BB29}.Debug|ARM.Build.0 = Debug|Any CPU
		{82F9E77E-9524-46B6-A1D8-4373EB18BB29}.Debug|ARM.Deploy.0 = Debug|Any CPU
		{82F9E77E-9524-46B6-A1D8-4373EB18BB29}.Debug|iPhone.ActiveCfg = Debug|Any CPU
		{82F9E77E-9524-46B6-A1D8-4373EB18BB29}.Debug|iPhone.Build.0 = Debug|Any CPU
		{82F9E77E-9524-46B6-A1D8-4373EB18BB29}.Debug|iPhone.Deploy.0 = Debug|Any CPU
		{82F9E77E-9524-46B6-A1D8-4373EB18BB29}.Debug|iPhoneSimulator.ActiveCfg = Debug|Any CPU
		{82F9E77E-9524-46B6-A1D8-4373EB18BB29}.Debug|iPhoneSimulator.Build.0 = Debug|Any CPU
		{82F9E77E-9524-46B6-A1D8-4373EB18BB29}.Debug|iPhoneSimulator.Deploy.0 = Debug|Any CPU
		{82F9E77E-9524-46B6-A1D8-4373EB18BB29}.Debug|x64.ActiveCfg = Debug|Any CPU
		{82F9E77E-9524-46B6-A1D8-4373EB18BB29}.Debug|x64.Build.0 = Debug|Any CPU
		{82F9E77E-9524-46B6-A1D8-4373EB18BB29}.Debug|x64.Deploy.0 = Debug|Any CPU
		{82F9E77E-9524-46B6-A1D8-4373EB18BB29}.Debug|x86.ActiveCfg = Debug|Any CPU
		{82F9E77E-9524-46B6-A1D8-4373EB18BB29}.Debug|x86.Build.0 = Debug|Any CPU
		{82F9E77E-9524-46B6-A1D8-4373EB18BB29}.Debug|x86.Deploy.0 = Debug|Any CPU
		{82F9E77E-9524-46B6-A1D8-4373EB18BB29}.Release|Any CPU.ActiveCfg = Release|Any CPU
		{82F9E77E-9524-46B6-A1D8-4373EB18BB29}.Release|Any CPU.Build.0 = Release|Any CPU
		{82F9E77E-9524-46B6-A1D8-4373EB18BB29}.Release|Any CPU.Deploy.0 = Release|Any CPU
		{82F9E77E-9524-46B6-A1D8-4373EB18BB29}.Release|ARM.ActiveCfg = Release|Any CPU
		{82F9E77E-9524-46B6-A1D8-4373EB18BB29}.Release|ARM.Build.0 = Release|Any CPU
		{82F9E77E-9524-46B6-A1D8-4373EB18BB29}.Release|ARM.Deploy.0 = Release|Any CPU
		{82F9E77E-9524-46B6-A1D8-4373EB18BB29}.Release|iPhone.ActiveCfg = Release|Any CPU
		{82F9E77E-9524-46B6-A1D8-4373EB18BB29}.Release|iPhone.Build.0 = Release|Any CPU
		{82F9E77E-9524-46B6-A1D8-4373EB18BB29}.Release|iPhone.Deploy.0 = Release|Any CPU
		{82F9E77E-9524-46B6-A1D8-4373EB18BB29}.Release|iPhoneSimulator.ActiveCfg = Release|Any CPU
		{82F9E77E-9524-46B6-A1D8-4373EB18BB29}.Release|iPhoneSimulator.Build.0 = Release|Any CPU
		{82F9E77E-9524-46B6-A1D8-4373EB18BB29}.Release|iPhoneSimulator.Deploy.0 = Release|Any CPU
		{82F9E77E-9524-46B6-A1D8-4373EB18BB29}.Release|x64.ActiveCfg = Release|Any CPU
		{82F9E77E-9524-46B6-A1D8-4373EB18BB29}.Release|x64.Build.0 = Release|Any CPU
		{82F9E77E-9524-46B6-A1D8-4373EB18BB29}.Release|x64.Deploy.0 = Release|Any CPU
		{82F9E77E-9524-46B6-A1D8-4373EB18BB29}.Release|x86.ActiveCfg = Release|Any CPU
		{82F9E77E-9524-46B6-A1D8-4373EB18BB29}.Release|x86.Build.0 = Release|Any CPU
		{82F9E77E-9524-46B6-A1D8-4373EB18BB29}.Release|x86.Deploy.0 = Release|Any CPU
	EndGlobalSection
	GlobalSection(SolutionProperties) = preSolution
		HideSolutionNode = FALSE
	EndGlobalSection
	GlobalSection(ExtensibilityGlobals) = postSolution
		SolutionGuid = {FA6E2904-1EAF-41C5-8EEA-F188DDAF830C}
	EndGlobalSection
EndGlobal
